
Microsoft Visual Studio Solution File, Format Version 12.00
# Visual Studio Version 16
VisualStudioVersion = 16.0.33529.622
MinimumVisualStudioVersion = 10.0.40219.1
Project("{FAE04EC0-301F-11D3-BF4B-00C04F79EFBC}") = "PARDAVIM_iiko_iSAF", "PARDAVIM_iiko_iSAF.csproj", "{400B872A-74E8-4B21-AE73-FF913C515BDE}"
EndProject
Global
	GlobalSection(SolutionConfigurationPlatforms) = preSolution
		Debug|Any CPU = Debug|Any CPU
		Release|Any CPU = Release|Any CPU
	EndGlobalSection
	GlobalSection(ProjectConfigurationPlatforms) = postSolution
		{400B872A-74E8-4B21-AE73-FF913C515BDE}.Debug|Any CPU.ActiveCfg = Debug|Any CPU
		{400B872A-74E8-4B21-AE73-FF913C515BDE}.Debug|Any CPU.Build.0 = Debug|Any CPU
		{400B872A-74E8-4B21-AE73-FF913C515BDE}.Release|Any CPU.ActiveCfg = Release|Any CPU
		{400B872A-74E8-4B21-AE73-FF913C515BDE}.Release|Any CPU.Build.0 = Release|Any CPU
	EndGlobalSection
	GlobalSection(SolutionProperties) = preSolution
		HideSolutionNode = FALSE
	EndGlobalSection
	GlobalSection(ExtensibilityGlobals) = postSolution
		SolutionGuid = {20CFD666-E115-4B03-9FA7-87B0A71FDB80}
	EndGlobalSection
EndGlobal
